
Microsoft Visual Studio Solution File, Format Version 12.00
# Visual Studio Version 17
VisualStudioVersion = 17.8.34316.72
MinimumVisualStudioVersion = 10.0.40219.1
Project("{FAE04EC0-301F-11D3-BF4B-00C04F79EFBC}") = "Server", "Server\Server.csproj", "{ACCD7D9E-2EAD-4D59-9665-6BB09692018E}"
EndProject
Project("{FAE04EC0-301F-11D3-BF4B-00C04F79EFBC}") = "Client", "Client\Client.csproj", "{0FCE97E8-E0DC-470D-87B3-58AAB8CCB073}"
EndProject
Global
	GlobalSection(SolutionConfigurationPlatforms) = preSolution
		Debug|Any CPU = Debug|Any CPU
		Release|Any CPU = Release|Any CPU
	EndGlobalSection
	GlobalSection(ProjectConfigurationPlatforms) = postSolution
		{ACCD7D9E-2EAD-4D59-9665-6BB09692018E}.Debug|Any CPU.ActiveCfg = Debug|Any CPU
		{ACCD7D9E-2EAD-4D59-9665-6BB09692018E}.Debug|Any CPU.Build.0 = Debug|Any CPU
		{ACCD7D9E-2EAD-4D59-9665-6BB09692018E}.Release|Any CPU.ActiveCfg = Release|Any CPU
		{ACCD7D9E-2EAD-4D59-9665-6BB09692018E}.Release|Any CPU.Build.0 = Release|Any CPU
		{0FCE97E8-E0DC-470D-87B3-58AAB8CCB073}.Debug|Any CPU.ActiveCfg = Debug|Any CPU
		{0FCE97E8-E0DC-470D-87B3-58AAB8CCB073}.Debug|Any CPU.Build.0 = Debug|Any CPU
		{0FCE97E8-E0DC-470D-87B3-58AAB8CCB073}.Release|Any CPU.ActiveCfg = Release|Any CPU
		{0FCE97E8-E0DC-470D-87B3-58AAB8CCB073}.Release|Any CPU.Build.0 = Release|Any CPU
	EndGlobalSection
	GlobalSection(SolutionProperties) = preSolution
		HideSolutionNode = FALSE
	EndGlobalSection
	GlobalSection(ExtensibilityGlobals) = postSolution
		SolutionGuid = {69A03740-17AF-4993-902A-B763BC393371}
	EndGlobalSection
EndGlobal
